<?xml version="1.0" encoding="UTF-8" standalone="yes" ?>
<CodeBlocks_project_file>
	<FileVersion major="1" minor="6" />
	<Project>
		<Option title="projet" />
		<Option pch_mode="2" />
		<Option compiler="gcc" />
		<Build>
			<Target title="Debug">
				<Option output="bin\Debug\projet" prefix_auto="1" extension_auto="1" />
				<Option object_output="obj\Debug\" />
				<Option type="1" />
				<Option compiler="gcc" />
				<Compiler>
					<Add option="-g" />
				</Compiler>
			</Target>
			<Target title="Release">
				<Option output="bin\Release\projet" prefix_auto="1" extension_auto="1" />
				<Option object_output="obj\Release\" />
				<Option type="1" />
				<Option compiler="gcc" />
				<Compiler>
					<Add option="-O2" />
				</Compiler>
				<Linker>
					<Add option="-s" />
				</Linker>
			</Target>
		</Build>
		<Compiler>
			<Add option="-Wall" />
			<Add option="-fexceptions" />
		</Compiler>
		<Unit filename="Artisan.cpp" />
		<Unit filename="Artisan.h" />
		<Unit filename="Bijouterie.cpp" />
		<Unit filename="Bijouterie.h" />
		<Unit filename="Broderie.cpp" />
		<Unit filename="Broderie.h" />
		<Unit filename="Creation.cpp" />
		<Unit filename="Creation.h" />
		<Unit filename="Respensable.cpp" />
		<Unit filename="Respensable.h" />
		<Unit filename="Sculpture.cpp" />
		<Unit filename="Sculpture.h" />
		<Unit filename="evaluation.cpp" />
		<Unit filename="evaluation.h" />
		<Unit filename="main.cpp" />
		<Unit filename="personne.cpp" />
		<Unit filename="personne.h" />
		<Unit filename="remarques" />
		<Unit filename="stand.cpp" />
		<Unit filename="stand.h" />
		<Unit filename="tst" />
		<Extensions>
			<code_completion />
			<debugger />
		</Extensions>
	</Project>
</CodeBlocks_project_file>
